
Microsoft Visual Studio Solution File, Format Version 12.00
# Visual Studio Version 16
VisualStudioVersion = 16.0.28803.452
MinimumVisualStudioVersion = 10.0.40219.1
Project("{9A19103F-16F7-4668-BE54-9A1E7A4F7556}") = "Blog-Project", "Blog-Project.csproj", "{D23668EB-5157-461E-BCC7-7254FD9E9586}"
EndProject
Global
	GlobalSection(SolutionConfigurationPlatforms) = preSolution
		Debug|Any CPU = Debug|Any CPU
		Release|Any CPU = Release|Any CPU
	EndGlobalSection
	GlobalSection(ProjectConfigurationPlatforms) = postSolution
		{D23668EB-5157-461E-BCC7-7254FD9E9586}.Debug|Any CPU.ActiveCfg = Debug|Any CPU
		{D23668EB-5157-461E-BCC7-7254FD9E9586}.Debug|Any CPU.Build.0 = Debug|Any CPU
		{D23668EB-5157-461E-BCC7-7254FD9E9586}.Release|Any CPU.ActiveCfg = Release|Any CPU
		{D23668EB-5157-461E-BCC7-7254FD9E9586}.Release|Any CPU.Build.0 = Release|Any CPU
	EndGlobalSection
	GlobalSection(SolutionProperties) = preSolution
		HideSolutionNode = FALSE
	EndGlobalSection
	GlobalSection(ExtensibilityGlobals) = postSolution
		SolutionGuid = {2BE5D713-F63A-41EC-99C9-78C492DDE645}
	EndGlobalSection
EndGlobal
